
Microsoft Visual Studio Solution File, Format Version 12.00
# Visual Studio Version 16
VisualStudioVersion = 16.0.29102.190
MinimumVisualStudioVersion = 10.0.40219.1
Project("{FAE04EC0-301F-11D3-BF4B-00C04F79EFBC}") = "PNY.ConsoleApp.Batch17", "PNY.ConsoleApp.Batch17\PNY.ConsoleApp.Batch17.csproj", "{8813DE75-12F6-4672-93F4-382715140F5C}"
EndProject
Global
	GlobalSection(SolutionConfigurationPlatforms) = preSolution
		Debug|Any CPU = Debug|Any CPU
		Release|Any CPU = Release|Any CPU
	EndGlobalSection
	GlobalSection(ProjectConfigurationPlatforms) = postSolution
		{8813DE75-12F6-4672-93F4-382715140F5C}.Debug|Any CPU.ActiveCfg = Debug|Any CPU
		{8813DE75-12F6-4672-93F4-382715140F5C}.Debug|Any CPU.Build.0 = Debug|Any CPU
		{8813DE75-12F6-4672-93F4-382715140F5C}.Release|Any CPU.ActiveCfg = Release|Any CPU
		{8813DE75-12F6-4672-93F4-382715140F5C}.Release|Any CPU.Build.0 = Release|Any CPU
	EndGlobalSection
	GlobalSection(SolutionProperties) = preSolution
		HideSolutionNode = FALSE
	EndGlobalSection
	GlobalSection(ExtensibilityGlobals) = postSolution
		SolutionGuid = {34071DD5-2471-451C-A7D3-286F9DD180C8}
	EndGlobalSection
EndGlobal
